// !$*UTF8*$!
{
	archiveVersion = 1;
	classes = {
	};
	objectVersion = 46;
	objects = {

/* Begin PBXBuildFile section */
		D20DE1D61E4EB1F200A2CBDF /* AppDelegate.swift in Sources */ = {isa = PBXBuildFile; fileRef = D20DE1D51E4EB1F200A2CBDF /* AppDelegate.swift */; };
		D20DE1D81E4EB1F200A2CBDF /* ViewController.swift in Sources */ = {isa = PBXBuildFile; fileRef = D20DE1D71E4EB1F200A2CBDF /* ViewController.swift */; };
		D20DE1DB1E4EB1F200A2CBDF /* Main.storyboard in Resources */ = {isa = PBXBuildFile; fileRef = D20DE1D91E4EB1F200A2CBDF /* Main.storyboard */; };
		D20DE1DD1E4EB1F200A2CBDF /* Assets.xcassets in Resources */ = {isa = PBXBuildFile; fileRef = D20DE1DC1E4EB1F200A2CBDF /* Assets.xcassets */; };
		D20DE1E01E4EB1F200A2CBDF /* LaunchScreen.storyboard in Resources */ = {isa = PBXBuildFile; fileRef = D20DE1DE1E4EB1F200A2CBDF /* LaunchScreen.storyboard */; };
		D20DE1E81E4FC79700A2CBDF /* DefinitionViewController.swift in Sources */ = {isa = PBXBuildFile; fileRef = D20DE1E71E4FC79700A2CBDF /* DefinitionViewController.swift */; };
		D2A475D71E50D55400C964AF /* Emoji.swift in Sources */ = {isa = PBXBuildFile; fileRef = D2A475D61E50D55400C964AF /* Emoji.swift */; };
/* End PBXBuildFile section */

/* Begin PBXFileReference section */
		D20DE1D21E4EB1F200A2CBDF /* Emoji Dictionary.app */ = {isa = PBXFileReference; explicitFileType = wrapper.application; includeInIndex = 0; path = "Emoji Dictionary.app"; sourceTree = BUILT_PRODUCTS_DIR; };
		D20DE1D51E4EB1F200A2CBDF /* AppDelegate.swift */ = {isa = PBXFileReference; lastKnownFileType = sourcecode.swift; path = AppDelegate.swift; sourceTree = "<group>"; };
		D20DE1D71E4EB1F200A2CBDF /* ViewController.swift */ = {isa = PBXFileReference; lastKnownFileType = sourcecode.swift; path = ViewController.swift; sourceTree = "<group>"; };
		D20DE1DA1E4EB1F200A2CBDF /* Base */ = {isa = PBXFileReference; lastKnownFileType = file.storyboard; name = Base; path = Base.lproj/Main.storyboard; sourceTree = "<group>"; };
		D20DE1DC1E4EB1F200A2CBDF /* Assets.xcassets */ = {isa = PBXFileReference; lastKnownFileType = folder.assetcatalog; path = Assets.xcassets; sourceTree = "<group>"; };
		D20DE1DF1E4EB1F200A2CBDF /* Base */ = {isa = PBXFileReference; lastKnownFileType = file.storyboard; name = Base; path = Base.lproj/LaunchScreen.storyboard; sourceTree = "<group>"; };
		D20DE1E11E4EB1F200A2CBDF /* Info.plist */ = {isa = PBXFileReference; lastKnownFileType = text.plist.xml; path = Info.plist; sourceTree = "<group>"; };
		D20DE1E71E4FC79700A2CBDF /* DefinitionViewController.swift */ = {isa = PBXFileReference; fileEncoding = 4; lastKnownFileType = sourcecode.swift; path = DefinitionViewController.swift; sourceTree = "<group>"; };
		D2A475D61E50D55400C964AF /* Emoji.swift */ = {isa = PBXFileReference; fileEncoding = 4; lastKnownFileType = sourcecode.swift; path = Emoji.swift; sourceTree = "<group>"; };
/* End PBXFileReference section */

/* Begin PBXFrameworksBuildPhase section */
		D20DE1CF1E4EB1F200A2CBDF /* Frameworks */ = {
			isa = PBXFrameworksBuildPhase;
			buildActionMask = 2147483647;
			files = (
			);
			runOnlyForDeploymentPostprocessing = 0;
		};
/* End PBXFrameworksBuildPhase section */

/* Begin PBXGroup section */
		D20DE1C91E4EB1F200A2CBDF = {
			isa = PBXGroup;
			children = (
				D20DE1D41E4EB1F200A2CBDF /* Emoji Dictionary */,
				D20DE1D31E4EB1F200A2CBDF /* Products */,
			);
			sourceTree = "<group>";
		};
		D20DE1D31E4EB1F200A2CBDF /* Products */ = {
			isa = PBXGroup;
			children = (
				D20DE1D21E4EB1F200A2CBDF /* Emoji Dictionary.app */,
			);
			name = Products;
			sourceTree = "<group>";
		};
		D20DE1D41E4EB1F200A2CBDF /* Emoji Dictionary */ = {
			isa = PBXGroup;
			children = (
				D20DE1D51E4EB1F200A2CBDF /* AppDelegate.swift */,
				D20DE1D71E4EB1F200A2CBDF /* ViewController.swift */,
				D20DE1E71E4FC79700A2CBDF /* DefinitionViewController.swift */,
				D20DE1D91E4EB1F200A2CBDF /* Main.storyboard */,
				D2A475D61E50D55400C964AF /* Emoji.swift */,
				D20DE1DC1E4EB1F200A2CBDF /* Assets.xcassets */,
				D20DE1DE1E4EB1F200A2CBDF /* LaunchScreen.storyboard */,
				D20DE1E11E4EB1F200A2CBDF /* Info.plist */,
			);
			path = "Emoji Dictionary";
			sourceTree = "<group>";
		};
/* End PBXGroup section */

/* Begin PBXNativeTarget section */
		D20DE1D11E4EB1F200A2CBDF /* Emoji Dictionary */ = {
			isa = PBXNativeTarget;
			buildConfigurationList = D20DE1E41E4EB1F200A2CBDF /* Build configuration list for PBXNativeTarget "Emoji Dictionary" */;
			buildPhases = (
				D20DE1CE1E4EB1F200A2CBDF /* Sources */,
				D20DE1CF1E4EB1F200A2CBDF /* Frameworks */,
				D20DE1D01E4EB1F200A2CBDF /* Resources */,
			);
			buildRules = (
			);
			dependencies = (
			);
			name = "Emoji Dictionary";
			productName = "Emoji Dictionary";
			productReference = D20DE1D21E4EB1F200A2CBDF /* Emoji Dictionary.app */;
			productType = "com.apple.product-type.application";
		};
/* End PBXNativeTarget section */

/* Begin PBXProject section */
		D20DE1CA1E4EB1F200A2CBDF /* Project object */ = {
			isa = PBXProject;
			attributes = {
				LastSwiftUpdateCheck = 0830;
				LastUpgradeCheck = 0830;
				ORGANIZATIONNAME = "Scott Kreiner";
				TargetAttributes = {
					D20DE1D11E4EB1F200A2CBDF = {
						CreatedOnToolsVersion = 8.3;
						ProvisioningStyle = Automatic;
					};
				};
			};
			buildConfigurationList = D20DE1CD1E4EB1F200A2CBDF /* Build configuration list for PBXProject "Emoji Dictionary" */;
			compatibilityVersion = "Xcode 3.2";
			developmentRegion = English;
			hasScannedForEncodings = 0;
			knownRegions = (
				en,
				Base,
			);
			mainGroup = D20DE1C91E4EB1F200A2CBDF;
			productRefGroup = D20DE1D31E4EB1F200A2CBDF /* Products */;
			projectDirPath = "";
			projectRoot = "";
			targets = (
				D20DE1D11E4EB1F200A2CBDF /* Emoji Dictionary */,
			);
		};
/* End PBXProject section */

/* Begin PBXResourcesBuildPhase section */
		D20DE1D01E4EB1F200A2CBDF /* Resources */ = {
			isa = PBXResourcesBuildPhase;
			buildActionMask = 2147483647;
			files = (
				D20DE1E01E4EB1F200A2CBDF /* LaunchScreen.storyboard in Resources */,
				D20DE1DD1E4EB1F200A2CBDF /* Assets.xcassets in Resources */,
				D20DE1DB1E4EB1F200A2CBDF /* Main.storyboard in Resources */,
			);
			runOnlyForDeploymentPostprocessing = 0;
		};
/* End PBXResourcesBuildPhase section */

/* Begin PBXSourcesBuildPhase section */
		D20DE1CE1E4EB1F200A2CBDF /* Sources */ = {
			isa = PBXSourcesBuildPhase;
			buildActionMask = 2147483647;
			files = (
				D20DE1D81E4EB1F200A2CBDF /* ViewController.swift in Sources */,
				D20DE1E81E4FC79700A2CBDF /* DefinitionViewController.swift in Sources */,
				D2A475D71E50D55400C964AF /* Emoji.swift in Sources */,
				D20DE1D61E4EB1F200A2CBDF /* AppDelegate.swift in Sources */,
			);
			runOnlyForDeploymentPostprocessing = 0;
		};
/* End PBXSourcesBuildPhase section */

/* Begin PBXVariantGroup section */
		D20DE1D91E4EB1F200A2CBDF /* Main.storyboard */ = {
			isa = PBXVariantGroup;
			children = (
				D20DE1DA1E4EB1F200A2CBDF /* Base */,
			);
			name = Main.storyboard;
			sourceTree = "<group>";
		};
		D20DE1DE1E4EB1F200A2CBDF /* LaunchScreen.storyboard */ = {
			isa = PBXVariantGroup;
			children = (
				D20DE1DF1E4EB1F200A2CBDF /* Base */,
			);
			name = LaunchScreen.storyboard;
			sourceTree = "<group>";
		};
/* End PBXVariantGroup section */

/* Begin XCBuildConfiguration section */
		D20DE1E21E4EB1F200A2CBDF /* Debug */ = {
			isa = XCBuildConfiguration;
			buildSettings = {
				ALWAYS_SEARCH_USER_PATHS = NO;
				CLANG_ANALYZER_NONNULL = YES;
				CLANG_ANALYZER_NUMBER_OBJECT_CONVERSION = YES_AGGRESSIVE;
				CLANG_CXX_LANGUAGE_STANDARD = "gnu++0x";
				CLANG_CXX_LIBRARY = "libc++";
				CLANG_ENABLE_MODULES = YES;
				CLANG_ENABLE_OBJC_ARC = YES;
				CLANG_WARN_BOOL_CONVERSION = YES;
				CLANG_WARN_CONSTANT_CONVERSION = YES;
				CLANG_WARN_DIRECT_OBJC_ISA_USAGE = YES_ERROR;
				CLANG_WARN_DOCUMENTATION_COMMENTS = YES;
				CLANG_WARN_EMPTY_BODY = YES;
				CLANG_WARN_ENUM_CONVERSION = YES;
				CLANG_WARN_INFINITE_RECURSION = YES;
				CLANG_WARN_INT_CONVERSION = YES;
				CLANG_WARN_OBJC_ROOT_CLASS = YES_ERROR;
				CLANG_WARN_SUSPICIOUS_MOVE = YES;
				CLANG_WARN_UNREACHABLE_CODE = YES;
				CLANG_WARN__DUPLICATE_METHOD_MATCH = YES;
				"CODE_SIGN_IDENTITY[sdk=iphoneos*]" = "iPhone Developer";
				COPY_PHASE_STRIP = NO;
				DEBUG_INFORMATION_FORMAT = dwarf;
				ENABLE_STRICT_OBJC_MSGSEND = YES;
				ENABLE_TESTABILITY = YES;
				GCC_C_LANGUAGE_STANDARD = gnu99;
				GCC_DYNAMIC_NO_PIC = NO;
				GCC_NO_COMMON_BLOCKS = YES;
				GCC_OPTIMIZATION_LEVEL = 0;
				GCC_PREPROCESSOR_DEFINITIONS = (
					"DEBUG=1",
					"$(inherited)",
				);
				GCC_WARN_64_TO_32_BIT_CONVERSION = YES;
				GCC_WARN_ABOUT_RETURN_TYPE = YES_ERROR;
				GCC_WARN_UNDECLARED_SELECTOR = YES;
				GCC_WARN_UNINITIALIZED_AUTOS = YES_AGGRESSIVE;
				GCC_WARN_UNUSED_FUNCTION = YES;
				GCC_WARN_UNUSED_VARIABLE = YES;
				IPHONEOS_DEPLOYMENT_TARGET = 10.3;
				MTL_ENABLE_DEBUG_INFO = YES;
				ONLY_ACTIVE_ARCH = YES;
				SDKROOT = iphoneos;
				SWIFT_ACTIVE_COMPILATION_CONDITIONS = DEBUG;
				SWIFT_OPTIMIZATION_LEVEL = "-Onone";
				TARGETED_DEVICE_FAMILY = "1,2";
			};
			name = Debug;
		};
		D20DE1E31E4EB1F200A2CBDF /* Release */ = {
			isa = XCBuildConfiguration;
			buildSettings = {
				ALWAYS_SEARCH_USER_PATHS = NO;
				CLANG_ANALYZER_NONNULL = YES;
				CLANG_ANALYZER_NUMBER_OBJECT_CONVERSION = YES_AGGRESSIVE;
				CLANG_CXX_LANGUAGE_STANDARD = "gnu++0x";
				CLANG_CXX_LIBRARY = "libc++";
				CLANG_ENABLE_MODULES = YES;
				CLANG_ENABLE_OBJC_ARC = YES;
				CLANG_WARN_BOOL_CONVERSION = YES;
				CLANG_WARN_CONSTANT_CONVERSION = YES;
				CLANG_WARN_DIRECT_OBJC_ISA_USAGE = YES_ERROR;
				CLANG_WARN_DOCUMENTATION_COMMENTS = YES;
				CLANG_WARN_EMPTY_BODY = YES;
				CLANG_WARN_ENUM_CONVERSION = YES;
				CLANG_WARN_INFINITE_RECURSION = YES;
				CLANG_WARN_INT_CONVERSION = YES;
				CLANG_WARN_OBJC_ROOT_CLASS = YES_ERROR;
				CLANG_WARN_SUSPICIOUS_MOVE = YES;
				CLANG_WARN_UNREACHABLE_CODE = YES;
				CLANG_WARN__DUPLICATE_METHOD_MATCH = YES;
				"CODE_SIGN_IDENTITY[sdk=iphoneos*]" = "iPhone Developer";
				COPY_PHASE_STRIP = NO;
				DEBUG_INFORMATION_FORMAT = "dwarf-with-dsym";
				ENABLE_NS_ASSERTIONS = NO;
				ENABLE_STRICT_OBJC_MSGSEND = YES;
				GCC_C_LANGUAGE_STANDARD = gnu99;
				GCC_NO_COMMON_BLOCKS = YES;
				GCC_WARN_64_TO_32_BIT_CONVERSION = YES;
				GCC_WARN_ABOUT_RETURN_TYPE = YES_ERROR;
				GCC_WARN_UNDECLARED_SELECTOR = YES;
				GCC_WARN_UNINITIALIZED_AUTOS = YES_AGGRESSIVE;
				GCC_WARN_UNUSED_FUNCTION = YES;
				GCC_WARN_UNUSED_VARIABLE = YES;
				IPHONEOS_DEPLOYMENT_TARGET = 10.3;
				MTL_ENABLE_DEBUG_INFO = NO;
				SDKROOT = iphoneos;
				SWIFT_OPTIMIZATION_LEVEL = "-Owholemodule";
				TARGETED_DEVICE_FAMILY = "1,2";
				VALIDATE_PRODUCT = YES;
			};
			name = Release;
		};
		D20DE1E51E4EB1F200A2CBDF /* Debug */ = {
			isa = XCBuildConfiguration;
			buildSettings = {
				ASSETCATALOG_COMPILER_APPICON_NAME = AppIcon;
				INFOPLIST_FILE = "Emoji Dictionary/Info.plist";
				LD_RUNPATH_SEARCH_PATHS = "$(inherited) @executable_path/Frameworks";
				PRODUCT_BUNDLE_IDENTIFIER = "com.K-app.Emoji-Dictionary";
				PRODUCT_NAME = "$(TARGET_NAME)";
				SWIFT_VERSION = 3.0;
			};
			name = Debug;
		};
		D20DE1E61E4EB1F200A2CBDF /* Release */ = {
			isa = XCBuildConfiguration;
			buildSettings = {
				ASSETCATALOG_COMPILER_APPICON_NAME = AppIcon;
				INFOPLIST_FILE = "Emoji Dictionary/Info.plist";
				LD_RUNPATH_SEARCH_PATHS = "$(inherited) @executable_path/Frameworks";
				PRODUCT_BUNDLE_IDENTIFIER = "com.K-app.Emoji-Dictionary";
				PRODUCT_NAME = "$(TARGET_NAME)";
				SWIFT_VERSION = 3.0;
			};
			name = Release;
		};
/* End XCBuildConfiguration section */

/* Begin XCConfigurationList section */
		D20DE1CD1E4EB1F200A2CBDF /* Build configuration list for PBXProject "Emoji Dictionary" */ = {
			isa = XCConfigurationList;
			buildConfigurations = (
				D20DE1E21E4EB1F200A2CBDF /* Debug */,
				D20DE1E31E4EB1F200A2CBDF /* Release */,
			);
			defaultConfigurationIsVisible = 0;
			defaultConfigurationName = Release;
		};
		D20DE1E41E4EB1F200A2CBDF /* Build configuration list for PBXNativeTarget "Emoji Dictionary" */ = {
			isa = XCConfigurationList;
			buildConfigurations = (
				D20DE1E51E4EB1F200A2CBDF /* Debug */,
				D20DE1E61E4EB1F200A2CBDF /* Release */,
			);
			defaultConfigurationIsVisible = 0;
			defaultConfigurationName = Release;
		};
/* End XCConfigurationList section */
	};
	rootObject = D20DE1CA1E4EB1F200A2CBDF /* Project object */;
}
